
Microsoft Visual Studio Solution File, Format Version 12.00
# Visual Studio 15
VisualStudioVersion = 15.0.28010.2036
MinimumVisualStudioVersion = 10.0.40219.1
Project("{8BC9CEB8-8B4A-11D0-8D11-00A0C91BC942}") = "Coding Projects", "Coding Projects\Coding Projects.vcxproj", "{9568BBFE-1269-4EB4-8F63-19536003F215}"
EndProject
Global
	GlobalSection(SolutionConfigurationPlatforms) = preSolution
		Debug|x64 = Debug|x64
		Debug|x86 = Debug|x86
		Release|x64 = Release|x64
		Release|x86 = Release|x86
	EndGlobalSection
	GlobalSection(ProjectConfigurationPlatforms) = postSolution
		{9568BBFE-1269-4EB4-8F63-19536003F215}.Debug|x64.ActiveCfg = Debug|x64
		{9568BBFE-1269-4EB4-8F63-19536003F215}.Debug|x64.Build.0 = Debug|x64
		{9568BBFE-1269-4EB4-8F63-19536003F215}.Debug|x86.ActiveCfg = Debug|Win32
		{9568BBFE-1269-4EB4-8F63-19536003F215}.Debug|x86.Build.0 = Debug|Win32
		{9568BBFE-1269-4EB4-8F63-19536003F215}.Release|x64.ActiveCfg = Release|x64
		{9568BBFE-1269-4EB4-8F63-19536003F215}.Release|x64.Build.0 = Release|x64
		{9568BBFE-1269-4EB4-8F63-19536003F215}.Release|x86.ActiveCfg = Release|Win32
		{9568BBFE-1269-4EB4-8F63-19536003F215}.Release|x86.Build.0 = Release|Win32
	EndGlobalSection
	GlobalSection(SolutionProperties) = preSolution
		HideSolutionNode = FALSE
	EndGlobalSection
	GlobalSection(ExtensibilityGlobals) = postSolution
		SolutionGuid = {9A1E183D-3717-4955-A4AF-E4B4B28F4C67}
	EndGlobalSection
EndGlobal
